
Microsoft Visual Studio Solution File, Format Version 12.00
# Visual Studio Version 16
VisualStudioVersion = 16.0.29709.97
MinimumVisualStudioVersion = 10.0.40219.1
Project("{FAE04EC0-301F-11D3-BF4B-00C04F79EFBC}") = "Homework5_Task5", "Homework5_Task5\Homework5_Task5.csproj", "{A76A4E79-84B2-4054-B913-29F8CB7FFCDB}"
EndProject
Global
	GlobalSection(SolutionConfigurationPlatforms) = preSolution
		Debug|Any CPU = Debug|Any CPU
		Release|Any CPU = Release|Any CPU
	EndGlobalSection
	GlobalSection(ProjectConfigurationPlatforms) = postSolution
		{A76A4E79-84B2-4054-B913-29F8CB7FFCDB}.Debug|Any CPU.ActiveCfg = Debug|Any CPU
		{A76A4E79-84B2-4054-B913-29F8CB7FFCDB}.Debug|Any CPU.Build.0 = Debug|Any CPU
		{A76A4E79-84B2-4054-B913-29F8CB7FFCDB}.Release|Any CPU.ActiveCfg = Release|Any CPU
		{A76A4E79-84B2-4054-B913-29F8CB7FFCDB}.Release|Any CPU.Build.0 = Release|Any CPU
	EndGlobalSection
	GlobalSection(SolutionProperties) = preSolution
		HideSolutionNode = FALSE
	EndGlobalSection
	GlobalSection(ExtensibilityGlobals) = postSolution
		SolutionGuid = {8DE892EE-5979-4145-A1F2-F664A13C4A35}
	EndGlobalSection
EndGlobal
